
Microsoft Visual Studio Solution File, Format Version 12.00
# Visual Studio Version 16
VisualStudioVersion = 16.0.34031.81
MinimumVisualStudioVersion = 10.0.40219.1
Project("{2150E333-8FDC-42A3-9474-1A3956D46DE8}") = "Task0", "Task0", "{0F7D95D9-9687-4355-B978-248E17CD75FB}"
EndProject
Project("{FAE04EC0-301F-11D3-BF4B-00C04F79EFBC}") = "Tyuiu.ZainagabdinovR.A.Sprint5.Task0.V17", "Tyuiu.ZainagabdinovR.A.Sprint5.Task0.V17\Tyuiu.ZainagabdinovR.A.Sprint5.Task0.V17.csproj", "{D49E7933-D88C-4D71-984A-74A6E9CCA208}"
EndProject
Project("{FAE04EC0-301F-11D3-BF4B-00C04F79EFBC}") = "Tyuiu.ZainagabdinovR.A.Sprint5.Task0.V17.Lib", "Tyuiu.ZainagabdinovR.A.Sprint5.Task0.V17.Lib\Tyuiu.ZainagabdinovR.A.Sprint5.Task0.V17.Lib.csproj", "{53AAA104-C618-4F2F-90D7-AB6D2755CBE4}"
EndProject
Project("{FAE04EC0-301F-11D3-BF4B-00C04F79EFBC}") = "Tyuiu.ZainagabdinovR.A.Sprint5.Task0.V17.Test", "Tyuiu.ZainagabdinovR.A.Sprint5.Task0.V17.Test\Tyuiu.ZainagabdinovR.A.Sprint5.Task0.V17.Test.csproj", "{8199274F-D48E-4169-AC09-AB502CFAE203}"
EndProject
Project("{2150E333-8FDC-42A3-9474-1A3956D46DE8}") = "Task1", "Task1", "{69171A89-9522-412D-A4C1-2AE5062DD3DA}"
EndProject
Project("{FAE04EC0-301F-11D3-BF4B-00C04F79EFBC}") = "Tyuiu.ZainagabdinovR.A.Sprint5.Task1.V7", "Tyuiu.ZainagabdinovR.A.Sprint5.Task1.V7\Tyuiu.ZainagabdinovR.A.Sprint5.Task1.V7.csproj", "{707AE398-6DFA-4B24-8C09-F732493D2BD0}"
EndProject
Project("{FAE04EC0-301F-11D3-BF4B-00C04F79EFBC}") = "Tyuiu.ZainagabdinovR.A.Sprint5.Task1.V7.Lib", "Tyuiu.ZainagabdinovR.A.Sprint5.Task1.V7.Lib\Tyuiu.ZainagabdinovR.A.Sprint5.Task1.V7.Lib.csproj", "{A67257E1-236D-42BA-8AE8-38A20E3328CD}"
EndProject
Project("{FAE04EC0-301F-11D3-BF4B-00C04F79EFBC}") = "Tyuiu.ZainagabdinovR.A.Sprint5.Task1.V7.Test", "Tyuiu.ZainagabdinovR.A.Sprint5.Task1.V7.Test\Tyuiu.ZainagabdinovR.A.Sprint5.Task1.V7.Test.csproj", "{4B499C17-71AB-49C5-8FA9-258CDD08375F}"
EndProject
Global
	GlobalSection(SolutionConfigurationPlatforms) = preSolution
		Debug|Any CPU = Debug|Any CPU
		Release|Any CPU = Release|Any CPU
	EndGlobalSection
	GlobalSection(ProjectConfigurationPlatforms) = postSolution
		{D49E7933-D88C-4D71-984A-74A6E9CCA208}.Debug|Any CPU.ActiveCfg = Debug|Any CPU
		{D49E7933-D88C-4D71-984A-74A6E9CCA208}.Debug|Any CPU.Build.0 = Debug|Any CPU
		{D49E7933-D88C-4D71-984A-74A6E9CCA208}.Release|Any CPU.ActiveCfg = Release|Any CPU
		{D49E7933-D88C-4D71-984A-74A6E9CCA208}.Release|Any CPU.Build.0 = Release|Any CPU
		{53AAA104-C618-4F2F-90D7-AB6D2755CBE4}.Debug|Any CPU.ActiveCfg = Debug|Any CPU
		{53AAA104-C618-4F2F-90D7-AB6D2755CBE4}.Debug|Any CPU.Build.0 = Debug|Any CPU
		{53AAA104-C618-4F2F-90D7-AB6D2755CBE4}.Release|Any CPU.ActiveCfg = Release|Any CPU
		{53AAA104-C618-4F2F-90D7-AB6D2755CBE4}.Release|Any CPU.Build.0 = Release|Any CPU
		{8199274F-D48E-4169-AC09-AB502CFAE203}.Debug|Any CPU.ActiveCfg = Debug|Any CPU
		{8199274F-D48E-4169-AC09-AB502CFAE203}.Debug|Any CPU.Build.0 = Debug|Any CPU
		{8199274F-D48E-4169-AC09-AB502CFAE203}.Release|Any CPU.ActiveCfg = Release|Any CPU
		{8199274F-D48E-4169-AC09-AB502CFAE203}.Release|Any CPU.Build.0 = Release|Any CPU
		{707AE398-6DFA-4B24-8C09-F732493D2BD0}.Debug|Any CPU.ActiveCfg = Debug|Any CPU
		{707AE398-6DFA-4B24-8C09-F732493D2BD0}.Debug|Any CPU.Build.0 = Debug|Any CPU
		{707AE398-6DFA-4B24-8C09-F732493D2BD0}.Release|Any CPU.ActiveCfg = Release|Any CPU
		{707AE398-6DFA-4B24-8C09-F732493D2BD0}.Release|Any CPU.Build.0 = Release|Any CPU
		{A67257E1-236D-42BA-8AE8-38A20E3328CD}.Debug|Any CPU.ActiveCfg = Debug|Any CPU
		{A67257E1-236D-42BA-8AE8-38A20E3328CD}.Debug|Any CPU.Build.0 = Debug|Any CPU
		{A67257E1-236D-42BA-8AE8-38A20E3328CD}.Release|Any CPU.ActiveCfg = Release|Any CPU
		{A67257E1-236D-42BA-8AE8-38A20E3328CD}.Release|Any CPU.Build.0 = Release|Any CPU
		{4B499C17-71AB-49C5-8FA9-258CDD08375F}.Debug|Any CPU.ActiveCfg = Debug|Any CPU
		{4B499C17-71AB-49C5-8FA9-258CDD08375F}.Debug|Any CPU.Build.0 = Debug|Any CPU
		{4B499C17-71AB-49C5-8FA9-258CDD08375F}.Release|Any CPU.ActiveCfg = Release|Any CPU
		{4B499C17-71AB-49C5-8FA9-258CDD08375F}.Release|Any CPU.Build.0 = Release|Any CPU
	EndGlobalSection
	GlobalSection(SolutionProperties) = preSolution
		HideSolutionNode = FALSE
	EndGlobalSection
	GlobalSection(NestedProjects) = preSolution
		{D49E7933-D88C-4D71-984A-74A6E9CCA208} = {0F7D95D9-9687-4355-B978-248E17CD75FB}
		{53AAA104-C618-4F2F-90D7-AB6D2755CBE4} = {0F7D95D9-9687-4355-B978-248E17CD75FB}
		{8199274F-D48E-4169-AC09-AB502CFAE203} = {0F7D95D9-9687-4355-B978-248E17CD75FB}
		{707AE398-6DFA-4B24-8C09-F732493D2BD0} = {69171A89-9522-412D-A4C1-2AE5062DD3DA}
		{A67257E1-236D-42BA-8AE8-38A20E3328CD} = {69171A89-9522-412D-A4C1-2AE5062DD3DA}
		{4B499C17-71AB-49C5-8FA9-258CDD08375F} = {69171A89-9522-412D-A4C1-2AE5062DD3DA}
	EndGlobalSection
	GlobalSection(ExtensibilityGlobals) = postSolution
		SolutionGuid = {FC1FD56A-B7C6-4F11-81F4-FA1A2789B8FB}
	EndGlobalSection
EndGlobal
