
Microsoft Visual Studio Solution File, Format Version 12.00
# Visual Studio Version 16
VisualStudioVersion = 16.0.34031.81
MinimumVisualStudioVersion = 10.0.40219.1
Project("{2150E333-8FDC-42A3-9474-1A3956D46DE8}") = "Task0", "Task0", "{0F7D95D9-9687-4355-B978-248E17CD75FB}"
EndProject
Project("{FAE04EC0-301F-11D3-BF4B-00C04F79EFBC}") = "Tyuiu.ZainagabdinovR.A.Sprint5.Task0.V17", "Tyuiu.ZainagabdinovR.A.Sprint5.Task0.V17\Tyuiu.ZainagabdinovR.A.Sprint5.Task0.V17.csproj", "{D49E7933-D88C-4D71-984A-74A6E9CCA208}"
EndProject
Project("{FAE04EC0-301F-11D3-BF4B-00C04F79EFBC}") = "Tyuiu.ZainagabdinovR.A.Sprint5.Task0.V17.Lib", "Tyuiu.ZainagabdinovR.A.Sprint5.Task0.V17.Lib\Tyuiu.ZainagabdinovR.A.Sprint5.Task0.V17.Lib.csproj", "{53AAA104-C618-4F2F-90D7-AB6D2755CBE4}"
EndProject
Project("{FAE04EC0-301F-11D3-BF4B-00C04F79EFBC}") = "Tyuiu.ZainagabdinovR.A.Sprint5.Task0.V17.Test", "Tyuiu.ZainagabdinovR.A.Sprint5.Task0.V17.Test\Tyuiu.ZainagabdinovR.A.Sprint5.Task0.V17.Test.csproj", "{8199274F-D48E-4169-AC09-AB502CFAE203}"
EndProject
Project("{2150E333-8FDC-42A3-9474-1A3956D46DE8}") = "Task1", "Task1", "{69171A89-9522-412D-A4C1-2AE5062DD3DA}"
EndProject
Project("{FAE04EC0-301F-11D3-BF4B-00C04F79EFBC}") = "Tyuiu.ZainagabdinovR.A.Sprint5.Task1.V7", "Tyuiu.ZainagabdinovR.A.Sprint5.Task1.V7\Tyuiu.ZainagabdinovR.A.Sprint5.Task1.V7.csproj", "{707AE398-6DFA-4B24-8C09-F732493D2BD0}"
EndProject
Project("{FAE04EC0-301F-11D3-BF4B-00C04F79EFBC}") = "Tyuiu.ZainagabdinovR.A.Sprint5.Task1.V7.Lib", "Tyuiu.ZainagabdinovR.A.Sprint5.Task1.V7.Lib\Tyuiu.ZainagabdinovR.A.Sprint5.Task1.V7.Lib.csproj", "{A67257E1-236D-42BA-8AE8-38A20E3328CD}"
EndProject
Project("{FAE04EC0-301F-11D3-BF4B-00C04F79EFBC}") = "Tyuiu.ZainagabdinovR.A.Sprint5.Task1.V7.Test", "Tyuiu.ZainagabdinovR.A.Sprint5.Task1.V7.Test\Tyuiu.ZainagabdinovR.A.Sprint5.Task1.V7.Test.csproj", "{4B499C17-71AB-49C5-8FA9-258CDD08375F}"
EndProject
Project("{2150E333-8FDC-42A3-9474-1A3956D46DE8}") = "Task2", "Task2", "{14F97AE5-FDE9-4AFC-A196-251AD249FBAF}"
EndProject
Project("{FAE04EC0-301F-11D3-BF4B-00C04F79EFBC}") = "Tyuiu.ZainagabdinovR.A.Sprint5.Task2.V4", "Tyuiu.ZainagabdinovR.A.Sprint5.Task2.V4\Tyuiu.ZainagabdinovR.A.Sprint5.Task2.V4.csproj", "{A351C2A8-FCC1-4389-8191-3349B67F3692}"
EndProject
Project("{FAE04EC0-301F-11D3-BF4B-00C04F79EFBC}") = "Tyuiu.ZainagabdinovR.A.Sprint5.Task2.V4.Lib", "Tyuiu.ZainagabdinovR.A.Sprint5.Task2.V4.Lib\Tyuiu.ZainagabdinovR.A.Sprint5.Task2.V4.Lib.csproj", "{A826C6E7-66DE-4483-A494-26D2753556BE}"
EndProject
Project("{FAE04EC0-301F-11D3-BF4B-00C04F79EFBC}") = "Tyuiu.ZainagabdinovR.A.Sprint5.Task2.V4.Test", "Tyuiu.ZainagabdinovR.A.Sprint5.Task2.V4.Test\Tyuiu.ZainagabdinovR.A.Sprint5.Task2.V4.Test.csproj", "{E5DA797B-F182-42AF-A44A-BE9CF3B2512C}"
EndProject
Project("{2150E333-8FDC-42A3-9474-1A3956D46DE8}") = "Task3", "Task3", "{1F85DD0D-EEDE-42F4-94A2-5757F96F4E06}"
EndProject
Project("{FAE04EC0-301F-11D3-BF4B-00C04F79EFBC}") = "Tyuiu.ZainagabdinovR.A.Sprint5.Task3.V12", "Tyuiu.ZainagabdinovR.A.Sprint5.Task3.V12\Tyuiu.ZainagabdinovR.A.Sprint5.Task3.V12.csproj", "{13573795-FE63-4623-9E4E-58EB9F3498E6}"
EndProject
Project("{FAE04EC0-301F-11D3-BF4B-00C04F79EFBC}") = "Tyuiu.ZainagabdinovR.A.Sprint5.Task3.V12.Lib", "Tyuiu.ZainagabdinovR.A.Sprint5.Task3.V12.Lib\Tyuiu.ZainagabdinovR.A.Sprint5.Task3.V12.Lib.csproj", "{E4B97440-2A09-45F5-9A58-C26B806B60D7}"
EndProject
Project("{FAE04EC0-301F-11D3-BF4B-00C04F79EFBC}") = "Tyuiu.ZainagabdinovR.A.Sprint5.Task3.V12.Test", "Tyuiu.ZainagabdinovR.A.Sprint5.Task3.V12.Test\Tyuiu.ZainagabdinovR.A.Sprint5.Task3.V12.Test.csproj", "{961D6DB1-AC05-40A6-9F48-46F4BE15CFBE}"
EndProject
Project("{2150E333-8FDC-42A3-9474-1A3956D46DE8}") = "Task4", "Task4", "{DB6AB898-F7D8-4FEF-AD03-5CD024DF0D20}"
EndProject
Project("{FAE04EC0-301F-11D3-BF4B-00C04F79EFBC}") = "Tyuiu.ZainagabdinovR.A.Sprint5.Task4.V2", "Tyuiu.ZainagabdinovR.A.Sprint5.Task4.V2\Tyuiu.ZainagabdinovR.A.Sprint5.Task4.V2.csproj", "{DB9F0DD6-209A-4C13-8C2F-FFB9FC13AE8B}"
EndProject
Project("{FAE04EC0-301F-11D3-BF4B-00C04F79EFBC}") = "Tyuiu.ZainagabdinovR.A.Sprint5.Task4.V2.Lib", "Tyuiu.ZainagabdinovR.A.Sprint5.Task4.V2.Lib\Tyuiu.ZainagabdinovR.A.Sprint5.Task4.V2.Lib.csproj", "{98E36AAB-ACFA-496E-8ACD-A2930135128C}"
EndProject
Project("{FAE04EC0-301F-11D3-BF4B-00C04F79EFBC}") = "Tyuiu.ZainagabdinovR.A.Sprint5.Task4.V2.Test", "Tyuiu.ZainagabdinovR.A.Sprint5.Task4.V2.Test\Tyuiu.ZainagabdinovR.A.Sprint5.Task4.V2.Test.csproj", "{102864DD-CE85-4B59-BC32-46E74270C8A5}"
EndProject
Project("{2150E333-8FDC-42A3-9474-1A3956D46DE8}") = "Task7", "Task7", "{4C7B5FEC-EF65-44CF-8508-26BAD7B8E92A}"
EndProject
Project("{FAE04EC0-301F-11D3-BF4B-00C04F79EFBC}") = "Tyuiu.ZainagabdinovR.A.Sprint5.Task7.V21", "Tyuiu.ZainagabdinovR.A.Sprint5.Task7.V21\Tyuiu.ZainagabdinovR.A.Sprint5.Task7.V21.csproj", "{39D9783E-0F0A-4C8C-BCEB-80C48CB56CBE}"
EndProject
Project("{FAE04EC0-301F-11D3-BF4B-00C04F79EFBC}") = "Tyuiu.ZainagabdinovR.A.Sprint5.Task7.V21.Lib", "Tyuiu.ZainagabdinovR.A.Sprint5.Task7.V21.Lib\Tyuiu.ZainagabdinovR.A.Sprint5.Task7.V21.Lib.csproj", "{F980B100-4743-4975-A217-7503AAE96C84}"
EndProject
Project("{FAE04EC0-301F-11D3-BF4B-00C04F79EFBC}") = "Tyuiu.ZainagabdinovR.A.Sprint5.Task7.V21.Test", "Tyuiu.ZainagabdinovR.A.Sprint5.Task7.V21.Test\Tyuiu.ZainagabdinovR.A.Sprint5.Task7.V21.Test.csproj", "{41FD5319-E6CD-4CEA-9B22-A6405F8EA489}"
EndProject
Global
	GlobalSection(SolutionConfigurationPlatforms) = preSolution
		Debug|Any CPU = Debug|Any CPU
		Release|Any CPU = Release|Any CPU
	EndGlobalSection
	GlobalSection(ProjectConfigurationPlatforms) = postSolution
		{D49E7933-D88C-4D71-984A-74A6E9CCA208}.Debug|Any CPU.ActiveCfg = Debug|Any CPU
		{D49E7933-D88C-4D71-984A-74A6E9CCA208}.Debug|Any CPU.Build.0 = Debug|Any CPU
		{D49E7933-D88C-4D71-984A-74A6E9CCA208}.Release|Any CPU.ActiveCfg = Release|Any CPU
		{D49E7933-D88C-4D71-984A-74A6E9CCA208}.Release|Any CPU.Build.0 = Release|Any CPU
		{53AAA104-C618-4F2F-90D7-AB6D2755CBE4}.Debug|Any CPU.ActiveCfg = Debug|Any CPU
		{53AAA104-C618-4F2F-90D7-AB6D2755CBE4}.Debug|Any CPU.Build.0 = Debug|Any CPU
		{53AAA104-C618-4F2F-90D7-AB6D2755CBE4}.Release|Any CPU.ActiveCfg = Release|Any CPU
		{53AAA104-C618-4F2F-90D7-AB6D2755CBE4}.Release|Any CPU.Build.0 = Release|Any CPU
		{8199274F-D48E-4169-AC09-AB502CFAE203}.Debug|Any CPU.ActiveCfg = Debug|Any CPU
		{8199274F-D48E-4169-AC09-AB502CFAE203}.Debug|Any CPU.Build.0 = Debug|Any CPU
		{8199274F-D48E-4169-AC09-AB502CFAE203}.Release|Any CPU.ActiveCfg = Release|Any CPU
		{8199274F-D48E-4169-AC09-AB502CFAE203}.Release|Any CPU.Build.0 = Release|Any CPU
		{707AE398-6DFA-4B24-8C09-F732493D2BD0}.Debug|Any CPU.ActiveCfg = Debug|Any CPU
		{707AE398-6DFA-4B24-8C09-F732493D2BD0}.Debug|Any CPU.Build.0 = Debug|Any CPU
		{707AE398-6DFA-4B24-8C09-F732493D2BD0}.Release|Any CPU.ActiveCfg = Release|Any CPU
		{707AE398-6DFA-4B24-8C09-F732493D2BD0}.Release|Any CPU.Build.0 = Release|Any CPU
		{A67257E1-236D-42BA-8AE8-38A20E3328CD}.Debug|Any CPU.ActiveCfg = Debug|Any CPU
		{A67257E1-236D-42BA-8AE8-38A20E3328CD}.Debug|Any CPU.Build.0 = Debug|Any CPU
		{A67257E1-236D-42BA-8AE8-38A20E3328CD}.Release|Any CPU.ActiveCfg = Release|Any CPU
		{A67257E1-236D-42BA-8AE8-38A20E3328CD}.Release|Any CPU.Build.0 = Release|Any CPU
		{4B499C17-71AB-49C5-8FA9-258CDD08375F}.Debug|Any CPU.ActiveCfg = Debug|Any CPU
		{4B499C17-71AB-49C5-8FA9-258CDD08375F}.Debug|Any CPU.Build.0 = Debug|Any CPU
		{4B499C17-71AB-49C5-8FA9-258CDD08375F}.Release|Any CPU.ActiveCfg = Release|Any CPU
		{4B499C17-71AB-49C5-8FA9-258CDD08375F}.Release|Any CPU.Build.0 = Release|Any CPU
		{A351C2A8-FCC1-4389-8191-3349B67F3692}.Debug|Any CPU.ActiveCfg = Debug|Any CPU
		{A351C2A8-FCC1-4389-8191-3349B67F3692}.Debug|Any CPU.Build.0 = Debug|Any CPU
		{A351C2A8-FCC1-4389-8191-3349B67F3692}.Release|Any CPU.ActiveCfg = Release|Any CPU
		{A351C2A8-FCC1-4389-8191-3349B67F3692}.Release|Any CPU.Build.0 = Release|Any CPU
		{A826C6E7-66DE-4483-A494-26D2753556BE}.Debug|Any CPU.ActiveCfg = Debug|Any CPU
		{A826C6E7-66DE-4483-A494-26D2753556BE}.Debug|Any CPU.Build.0 = Debug|Any CPU
		{A826C6E7-66DE-4483-A494-26D2753556BE}.Release|Any CPU.ActiveCfg = Release|Any CPU
		{A826C6E7-66DE-4483-A494-26D2753556BE}.Release|Any CPU.Build.0 = Release|Any CPU
		{E5DA797B-F182-42AF-A44A-BE9CF3B2512C}.Debug|Any CPU.ActiveCfg = Debug|Any CPU
		{E5DA797B-F182-42AF-A44A-BE9CF3B2512C}.Debug|Any CPU.Build.0 = Debug|Any CPU
		{E5DA797B-F182-42AF-A44A-BE9CF3B2512C}.Release|Any CPU.ActiveCfg = Release|Any CPU
		{E5DA797B-F182-42AF-A44A-BE9CF3B2512C}.Release|Any CPU.Build.0 = Release|Any CPU
		{13573795-FE63-4623-9E4E-58EB9F3498E6}.Debug|Any CPU.ActiveCfg = Debug|Any CPU
		{13573795-FE63-4623-9E4E-58EB9F3498E6}.Debug|Any CPU.Build.0 = Debug|Any CPU
		{13573795-FE63-4623-9E4E-58EB9F3498E6}.Release|Any CPU.ActiveCfg = Release|Any CPU
		{13573795-FE63-4623-9E4E-58EB9F3498E6}.Release|Any CPU.Build.0 = Release|Any CPU
		{E4B97440-2A09-45F5-9A58-C26B806B60D7}.Debug|Any CPU.ActiveCfg = Debug|Any CPU
		{E4B97440-2A09-45F5-9A58-C26B806B60D7}.Debug|Any CPU.Build.0 = Debug|Any CPU
		{E4B97440-2A09-45F5-9A58-C26B806B60D7}.Release|Any CPU.ActiveCfg = Release|Any CPU
		{E4B97440-2A09-45F5-9A58-C26B806B60D7}.Release|Any CPU.Build.0 = Release|Any CPU
		{961D6DB1-AC05-40A6-9F48-46F4BE15CFBE}.Debug|Any CPU.ActiveCfg = Debug|Any CPU
		{961D6DB1-AC05-40A6-9F48-46F4BE15CFBE}.Debug|Any CPU.Build.0 = Debug|Any CPU
		{961D6DB1-AC05-40A6-9F48-46F4BE15CFBE}.Release|Any CPU.ActiveCfg = Release|Any CPU
		{961D6DB1-AC05-40A6-9F48-46F4BE15CFBE}.Release|Any CPU.Build.0 = Release|Any CPU
		{DB9F0DD6-209A-4C13-8C2F-FFB9FC13AE8B}.Debug|Any CPU.ActiveCfg = Debug|Any CPU
		{DB9F0DD6-209A-4C13-8C2F-FFB9FC13AE8B}.Debug|Any CPU.Build.0 = Debug|Any CPU
		{DB9F0DD6-209A-4C13-8C2F-FFB9FC13AE8B}.Release|Any CPU.ActiveCfg = Release|Any CPU
		{DB9F0DD6-209A-4C13-8C2F-FFB9FC13AE8B}.Release|Any CPU.Build.0 = Release|Any CPU
		{98E36AAB-ACFA-496E-8ACD-A2930135128C}.Debug|Any CPU.ActiveCfg = Debug|Any CPU
		{98E36AAB-ACFA-496E-8ACD-A2930135128C}.Debug|Any CPU.Build.0 = Debug|Any CPU
		{98E36AAB-ACFA-496E-8ACD-A2930135128C}.Release|Any CPU.ActiveCfg = Release|Any CPU
		{98E36AAB-ACFA-496E-8ACD-A2930135128C}.Release|Any CPU.Build.0 = Release|Any CPU
		{102864DD-CE85-4B59-BC32-46E74270C8A5}.Debug|Any CPU.ActiveCfg = Debug|Any CPU
		{102864DD-CE85-4B59-BC32-46E74270C8A5}.Debug|Any CPU.Build.0 = Debug|Any CPU
		{102864DD-CE85-4B59-BC32-46E74270C8A5}.Release|Any CPU.ActiveCfg = Release|Any CPU
		{102864DD-CE85-4B59-BC32-46E74270C8A5}.Release|Any CPU.Build.0 = Release|Any CPU
		{39D9783E-0F0A-4C8C-BCEB-80C48CB56CBE}.Debug|Any CPU.ActiveCfg = Debug|Any CPU
		{39D9783E-0F0A-4C8C-BCEB-80C48CB56CBE}.Debug|Any CPU.Build.0 = Debug|Any CPU
		{39D9783E-0F0A-4C8C-BCEB-80C48CB56CBE}.Release|Any CPU.ActiveCfg = Release|Any CPU
		{39D9783E-0F0A-4C8C-BCEB-80C48CB56CBE}.Release|Any CPU.Build.0 = Release|Any CPU
		{F980B100-4743-4975-A217-7503AAE96C84}.Debug|Any CPU.ActiveCfg = Debug|Any CPU
		{F980B100-4743-4975-A217-7503AAE96C84}.Debug|Any CPU.Build.0 = Debug|Any CPU
		{F980B100-4743-4975-A217-7503AAE96C84}.Release|Any CPU.ActiveCfg = Release|Any CPU
		{F980B100-4743-4975-A217-7503AAE96C84}.Release|Any CPU.Build.0 = Release|Any CPU
		{41FD5319-E6CD-4CEA-9B22-A6405F8EA489}.Debug|Any CPU.ActiveCfg = Debug|Any CPU
		{41FD5319-E6CD-4CEA-9B22-A6405F8EA489}.Debug|Any CPU.Build.0 = Debug|Any CPU
		{41FD5319-E6CD-4CEA-9B22-A6405F8EA489}.Release|Any CPU.ActiveCfg = Release|Any CPU
		{41FD5319-E6CD-4CEA-9B22-A6405F8EA489}.Release|Any CPU.Build.0 = Release|Any CPU
	EndGlobalSection
	GlobalSection(SolutionProperties) = preSolution
		HideSolutionNode = FALSE
	EndGlobalSection
	GlobalSection(NestedProjects) = preSolution
		{D49E7933-D88C-4D71-984A-74A6E9CCA208} = {0F7D95D9-9687-4355-B978-248E17CD75FB}
		{53AAA104-C618-4F2F-90D7-AB6D2755CBE4} = {0F7D95D9-9687-4355-B978-248E17CD75FB}
		{8199274F-D48E-4169-AC09-AB502CFAE203} = {0F7D95D9-9687-4355-B978-248E17CD75FB}
		{707AE398-6DFA-4B24-8C09-F732493D2BD0} = {69171A89-9522-412D-A4C1-2AE5062DD3DA}
		{A67257E1-236D-42BA-8AE8-38A20E3328CD} = {69171A89-9522-412D-A4C1-2AE5062DD3DA}
		{4B499C17-71AB-49C5-8FA9-258CDD08375F} = {69171A89-9522-412D-A4C1-2AE5062DD3DA}
		{A351C2A8-FCC1-4389-8191-3349B67F3692} = {14F97AE5-FDE9-4AFC-A196-251AD249FBAF}
		{A826C6E7-66DE-4483-A494-26D2753556BE} = {14F97AE5-FDE9-4AFC-A196-251AD249FBAF}
		{E5DA797B-F182-42AF-A44A-BE9CF3B2512C} = {14F97AE5-FDE9-4AFC-A196-251AD249FBAF}
		{13573795-FE63-4623-9E4E-58EB9F3498E6} = {1F85DD0D-EEDE-42F4-94A2-5757F96F4E06}
		{E4B97440-2A09-45F5-9A58-C26B806B60D7} = {1F85DD0D-EEDE-42F4-94A2-5757F96F4E06}
		{961D6DB1-AC05-40A6-9F48-46F4BE15CFBE} = {1F85DD0D-EEDE-42F4-94A2-5757F96F4E06}
		{DB9F0DD6-209A-4C13-8C2F-FFB9FC13AE8B} = {DB6AB898-F7D8-4FEF-AD03-5CD024DF0D20}
		{98E36AAB-ACFA-496E-8ACD-A2930135128C} = {DB6AB898-F7D8-4FEF-AD03-5CD024DF0D20}
		{102864DD-CE85-4B59-BC32-46E74270C8A5} = {DB6AB898-F7D8-4FEF-AD03-5CD024DF0D20}
		{39D9783E-0F0A-4C8C-BCEB-80C48CB56CBE} = {4C7B5FEC-EF65-44CF-8508-26BAD7B8E92A}
		{F980B100-4743-4975-A217-7503AAE96C84} = {4C7B5FEC-EF65-44CF-8508-26BAD7B8E92A}
		{41FD5319-E6CD-4CEA-9B22-A6405F8EA489} = {4C7B5FEC-EF65-44CF-8508-26BAD7B8E92A}
	EndGlobalSection
	GlobalSection(ExtensibilityGlobals) = postSolution
		SolutionGuid = {FC1FD56A-B7C6-4F11-81F4-FA1A2789B8FB}
	EndGlobalSection
EndGlobal
